
Microsoft Visual Studio Solution File, Format Version 12.00
# Visual Studio Version 16
VisualStudioVersion = 16.0.30114.105
MinimumVisualStudioVersion = 10.0.40219.1
Project("{FAE04EC0-301F-11D3-BF4B-00C04F79EFBC}") = "PlaywrightDemo", "PlaywrightDemo\PlaywrightDemo.csproj", "{DDAFDD6C-CDF4-4F8C-8549-1CD8BF61A1F6}"
EndProject
Project("{FAE04EC0-301F-11D3-BF4B-00C04F79EFBC}") = "PlaywrightTests", "PlaywrightTests\PlaywrightTests.csproj", "{F795D9EF-23E9-4C39-A22C-D9CE3000D9CE}"
EndProject
Global
	GlobalSection(SolutionConfigurationPlatforms) = preSolution
		Debug|Any CPU = Debug|Any CPU
		Release|Any CPU = Release|Any CPU
	EndGlobalSection
	GlobalSection(SolutionProperties) = preSolution
		HideSolutionNode = FALSE
	EndGlobalSection
	GlobalSection(ProjectConfigurationPlatforms) = postSolution
		{DDAFDD6C-CDF4-4F8C-8549-1CD8BF61A1F6}.Debug|Any CPU.ActiveCfg = Debug|Any CPU
		{DDAFDD6C-CDF4-4F8C-8549-1CD8BF61A1F6}.Debug|Any CPU.Build.0 = Debug|Any CPU
		{DDAFDD6C-CDF4-4F8C-8549-1CD8BF61A1F6}.Release|Any CPU.ActiveCfg = Release|Any CPU
		{DDAFDD6C-CDF4-4F8C-8549-1CD8BF61A1F6}.Release|Any CPU.Build.0 = Release|Any CPU
		{F795D9EF-23E9-4C39-A22C-D9CE3000D9CE}.Debug|Any CPU.ActiveCfg = Debug|Any CPU
		{F795D9EF-23E9-4C39-A22C-D9CE3000D9CE}.Debug|Any CPU.Build.0 = Debug|Any CPU
		{F795D9EF-23E9-4C39-A22C-D9CE3000D9CE}.Release|Any CPU.ActiveCfg = Release|Any CPU
		{F795D9EF-23E9-4C39-A22C-D9CE3000D9CE}.Release|Any CPU.Build.0 = Release|Any CPU
	EndGlobalSection
EndGlobal
